
Microsoft Visual Studio Solution File, Format Version 12.00
# Visual Studio Version 17
VisualStudioVersion = 17.7.34221.43
MinimumVisualStudioVersion = 10.0.40219.1
Project("{2150E333-8FDC-42A3-9474-1A3956D46DE8}") = "1_Gateway", "1_Gateway", "{02B6CC9E-0F4C-4C46-9745-D4F0F19ADE0A}"
EndProject
Project("{2150E333-8FDC-42A3-9474-1A3956D46DE8}") = "2_BusinessLogic", "2_BusinessLogic", "{A3B57B99-F0FE-4DD4-BF74-42606E2632C9}"
EndProject
Project("{9A19103F-16F7-4668-BE54-9A1E7A4F7556}") = "OnlineStore.BusinessLogic", "OnlineStore.BusinessLogic\OnlineStore.BusinessLogic.csproj", "{CE6BDA0F-48D6-4AD3-BD50-64F65EA99B40}"
EndProject
Project("{2150E333-8FDC-42A3-9474-1A3956D46DE8}") = "3_DataAccess", "3_DataAccess", "{57120B57-C16A-4C87-B55E-1C498E5AB7B3}"
EndProject
Project("{9A19103F-16F7-4668-BE54-9A1E7A4F7556}") = "OnlineStore.DataAccess", "OnlineStore.DataAccess\OnlineStore.DataAccess.csproj", "{982C0143-E62D-49D4-B298-1197D292833D}"
EndProject
Project("{2150E333-8FDC-42A3-9474-1A3956D46DE8}") = "4_Domain", "4_Domain", "{FD2E260D-E35A-4447-8984-EB381A2590CF}"
EndProject
Project("{9A19103F-16F7-4668-BE54-9A1E7A4F7556}") = "OnlineStore.Domain", "OnlineStore.Domain\OnlineStore.Domain.csproj", "{76940D96-E61F-4617-9A4E-19952A50329F}"
EndProject
Project("{9A19103F-16F7-4668-BE54-9A1E7A4F7556}") = "OnlineStore.Cms", "OnlineStore.Cms\OnlineStore.Cms.csproj", "{E14ED664-26E7-45A3-A15E-2DDD076F6E2B}"
EndProject
Project("{9A19103F-16F7-4668-BE54-9A1E7A4F7556}") = "OnlineStore.Api", "OnlineStore.Api\OnlineStore.Api.csproj", "{D68C5975-1547-4B76-B027-206AA5B2AE08}"
EndProject
Global
	GlobalSection(SolutionConfigurationPlatforms) = preSolution
		Debug|Any CPU = Debug|Any CPU
		Release|Any CPU = Release|Any CPU
	EndGlobalSection
	GlobalSection(ProjectConfigurationPlatforms) = postSolution
		{CE6BDA0F-48D6-4AD3-BD50-64F65EA99B40}.Debug|Any CPU.ActiveCfg = Debug|Any CPU
		{CE6BDA0F-48D6-4AD3-BD50-64F65EA99B40}.Debug|Any CPU.Build.0 = Debug|Any CPU
		{CE6BDA0F-48D6-4AD3-BD50-64F65EA99B40}.Release|Any CPU.ActiveCfg = Release|Any CPU
		{CE6BDA0F-48D6-4AD3-BD50-64F65EA99B40}.Release|Any CPU.Build.0 = Release|Any CPU
		{982C0143-E62D-49D4-B298-1197D292833D}.Debug|Any CPU.ActiveCfg = Debug|Any CPU
		{982C0143-E62D-49D4-B298-1197D292833D}.Debug|Any CPU.Build.0 = Debug|Any CPU
		{982C0143-E62D-49D4-B298-1197D292833D}.Release|Any CPU.ActiveCfg = Release|Any CPU
		{982C0143-E62D-49D4-B298-1197D292833D}.Release|Any CPU.Build.0 = Release|Any CPU
		{76940D96-E61F-4617-9A4E-19952A50329F}.Debug|Any CPU.ActiveCfg = Debug|Any CPU
		{76940D96-E61F-4617-9A4E-19952A50329F}.Debug|Any CPU.Build.0 = Debug|Any CPU
		{76940D96-E61F-4617-9A4E-19952A50329F}.Release|Any CPU.ActiveCfg = Release|Any CPU
		{76940D96-E61F-4617-9A4E-19952A50329F}.Release|Any CPU.Build.0 = Release|Any CPU
		{E14ED664-26E7-45A3-A15E-2DDD076F6E2B}.Debug|Any CPU.ActiveCfg = Debug|Any CPU
		{E14ED664-26E7-45A3-A15E-2DDD076F6E2B}.Debug|Any CPU.Build.0 = Debug|Any CPU
		{E14ED664-26E7-45A3-A15E-2DDD076F6E2B}.Release|Any CPU.ActiveCfg = Release|Any CPU
		{E14ED664-26E7-45A3-A15E-2DDD076F6E2B}.Release|Any CPU.Build.0 = Release|Any CPU
		{D68C5975-1547-4B76-B027-206AA5B2AE08}.Debug|Any CPU.ActiveCfg = Debug|Any CPU
		{D68C5975-1547-4B76-B027-206AA5B2AE08}.Debug|Any CPU.Build.0 = Debug|Any CPU
		{D68C5975-1547-4B76-B027-206AA5B2AE08}.Release|Any CPU.ActiveCfg = Release|Any CPU
		{D68C5975-1547-4B76-B027-206AA5B2AE08}.Release|Any CPU.Build.0 = Release|Any CPU
	EndGlobalSection
	GlobalSection(SolutionProperties) = preSolution
		HideSolutionNode = FALSE
	EndGlobalSection
	GlobalSection(NestedProjects) = preSolution
		{CE6BDA0F-48D6-4AD3-BD50-64F65EA99B40} = {A3B57B99-F0FE-4DD4-BF74-42606E2632C9}
		{982C0143-E62D-49D4-B298-1197D292833D} = {57120B57-C16A-4C87-B55E-1C498E5AB7B3}
		{76940D96-E61F-4617-9A4E-19952A50329F} = {FD2E260D-E35A-4447-8984-EB381A2590CF}
		{E14ED664-26E7-45A3-A15E-2DDD076F6E2B} = {02B6CC9E-0F4C-4C46-9745-D4F0F19ADE0A}
		{D68C5975-1547-4B76-B027-206AA5B2AE08} = {02B6CC9E-0F4C-4C46-9745-D4F0F19ADE0A}
	EndGlobalSection
	GlobalSection(ExtensibilityGlobals) = postSolution
		SolutionGuid = {8C6FD640-AA85-4E12-B71F-0C338AA38E0F}
	EndGlobalSection
EndGlobal
